{
	"protocol": 2,
	"schemaVersion": 1,
	"minimumSchemaVersion": 1,
	"schemaHash": "schema-1",
	"compatibility": "strict-v2-schema-hash",
	"options": {
		"securityProfile": "Production",
		"requirePolicies": true,
		"maxReliablePacketBytes": 65536,
		"maxUnreliablePacketBytes": 900
	},
	"wireIds": {
		"ClientAdminEnvelope": { "id": 10, "kind": "Event", "deprecated": false, "reserved": false },
		"ClientPurchaseEnvelope": { "id": 20, "kind": "Event", "deprecated": false, "reserved": false },
		"ClientBuildEnvelope": { "id": 30, "kind": "Event", "deprecated": false, "reserved": false },
		"ClientModerationEnvelope": { "id": 40, "kind": "Event", "deprecated": false, "reserved": false },
		"ClientCosmeticEnvelope": { "id": 50, "kind": "Event", "deprecated": false, "reserved": false },
		"ServerAdminEnvelope": { "id": 60, "kind": "Event", "deprecated": false, "reserved": false },
		"ServerCosmeticEnvelope": { "id": 70, "kind": "Event", "deprecated": false, "reserved": false },
		"ServerAdminRequest": { "id": 80, "kind": "Function", "deprecated": false, "reserved": false },
		"LegacyC2S_Color": { "id": 1000, "kind": "Event", "deprecated": false, "reserved": false },
		"LegacyS2C_Color": { "id": 1001, "kind": "Event", "deprecated": false, "reserved": false },
		"LegacyC2S_EXE6_STORAGE_events_Activities_Announcement": { "id": 1010, "kind": "Event", "deprecated": false, "reserved": false },
		"LegacyS2C_EXE6_STORAGE_events_Activities_Announcement": { "id": 1011, "kind": "Event", "deprecated": false, "reserved": false },
		"LegacyC2S_EXE6_STORAGE_events_Activities_Character": { "id": 1020, "kind": "Event", "deprecated": false, "reserved": false },
		"LegacyS2C_EXE6_STORAGE_events_Activities_Character": { "id": 1021, "kind": "Event", "deprecated": false, "reserved": false },
		"LegacyFn_EXE6_STORAGE_events_Activities_FetchAnnouncementHistory": { "id": 1030, "kind": "Function", "deprecated": false, "reserved": false },
		"LegacyS2C_EXE6_STORAGE_events_Activities_GameTeam": { "id": 1040, "kind": "Event", "deprecated": false, "reserved": false },
		"LegacyC2S_EXE6_STORAGE_events_Activities_History": { "id": 1050, "kind": "Event", "deprecated": false, "reserved": false },
		"LegacyC2S_EXE6_STORAGE_events_Activities_Humanoid": { "id": 1060, "kind": "Event", "deprecated": false, "reserved": false },
		"LegacyS2C_EXE6_STORAGE_events_Activities_Humanoid": { "id": 1061, "kind": "Event", "deprecated": false, "reserved": false },
		"LegacyC2S_EXE6_STORAGE_events_Activities_LogTeamConnectChat": { "id": 1070, "kind": "Event", "deprecated": false, "reserved": false },
		"LegacyC2S_EXE6_STORAGE_events_Activities_Notify": { "id": 1080, "kind": "Event", "deprecated": false, "reserved": false },
		"LegacyFn_EXE6_STORAGE_events_Activities_Primary": { "id": 1090, "kind": "Function", "deprecated": false, "reserved": false },
		"LegacyFn_EXE6_STORAGE_events_Activities_PrivacyAction": { "id": 1100, "kind": "Function", "deprecated": false, "reserved": false },
		"LegacyC2S_EXE6_STORAGE_events_Activities_ServerTeleportation": { "id": 1110, "kind": "Event", "deprecated": false, "reserved": false },
		"LegacyS2C_EXE6_STORAGE_events_Activities_ServerTeleportation": { "id": 1111, "kind": "Event", "deprecated": false, "reserved": false },
		"LegacyC2S_EXE6_STORAGE_events_Activities_Team": { "id": 1120, "kind": "Event", "deprecated": false, "reserved": false },
		"LegacyS2C_EXE6_STORAGE_events_Activities_Team": { "id": 1121, "kind": "Event", "deprecated": false, "reserved": false },
		"LegacyFn_EXE6_STORAGE_events_ai_AIresponse": { "id": 1130, "kind": "Function", "deprecated": false, "reserved": false },
		"LegacyFn_EXE6_STORAGE_events_ai_DeleteChat": { "id": 1140, "kind": "Function", "deprecated": false, "reserved": false },
		"LegacyFn_EXE6_STORAGE_events_ai_GetChatList": { "id": 1150, "kind": "Function", "deprecated": false, "reserved": false },
		"LegacyFn_EXE6_STORAGE_events_ai_GetData": { "id": 1160, "kind": "Function", "deprecated": false, "reserved": false },
		"LegacyFn_EXE6_STORAGE_events_ai_GetPastPolls": { "id": 1170, "kind": "Function", "deprecated": false, "reserved": false },
		"LegacyFn_EXE6_STORAGE_events_ai_LoadAISettings": { "id": 1180, "kind": "Function", "deprecated": false, "reserved": false },
		"LegacyFn_EXE6_STORAGE_events_ai_LoadChat": { "id": 1190, "kind": "Function", "deprecated": false, "reserved": false },
		"LegacyFn_EXE6_STORAGE_events_ai_SaveAISettings": { "id": 1200, "kind": "Function", "deprecated": false, "reserved": false },
		"LegacyFn_EXE6_STORAGE_events_ai_SaveChat": { "id": 1210, "kind": "Function", "deprecated": false, "reserved": false },
		"LegacyS2C_EXE6_STORAGE_events_ai_Storedata": { "id": 1220, "kind": "Event", "deprecated": false, "reserved": false },
		"LegacyS2C_EXE6_STORAGE_events_ai_TextGeneratorRemote": { "id": 1230, "kind": "Event", "deprecated": false, "reserved": false },
		"LegacyFn_EXE6_STORAGE_events_ai_web": { "id": 1240, "kind": "Function", "deprecated": false, "reserved": false },
		"LegacyFn_EXE6_STORAGE_events_auth_ActionPinning": { "id": 1250, "kind": "Function", "deprecated": false, "reserved": false },
		"LegacyFn_EXE6_STORAGE_events_auth_Auth": { "id": 1260, "kind": "Function", "deprecated": false, "reserved": false },
		"LegacyFn_EXE6_STORAGE_events_auth_FetchPins": { "id": 1270, "kind": "Function", "deprecated": false, "reserved": false },
		"LegacyFn_EXE6_STORAGE_events_auth_FetchRecordedIds": { "id": 1280, "kind": "Function", "deprecated": false, "reserved": false },
		"LegacyFn_EXE6_STORAGE_events_auth_FetchRoles": { "id": 1290, "kind": "Function", "deprecated": false, "reserved": false },
		"LegacyFn_EXE6_STORAGE_events_auth_FetchServerBans": { "id": 1300, "kind": "Function", "deprecated": false, "reserved": false },
		"LegacyFn_EXE6_STORAGE_events_auth_FetchUnsavedChats": { "id": 1310, "kind": "Function", "deprecated": false, "reserved": false },
		"LegacyFn_EXE6_STORAGE_events_auth_IdSaving": { "id": 1320, "kind": "Function", "deprecated": false, "reserved": false },
		"LegacyFn_EXE6_STORAGE_events_auth_VariableEncode": { "id": 1330, "kind": "Function", "deprecated": false, "reserved": false },
		"LegacyFn_EXE6_STORAGE_events_components_GetAuditActivities": { "id": 1340, "kind": "Function", "deprecated": false, "reserved": false },
		"LegacyFn_EXE6_STORAGE_events_components_GetBanHistory": { "id": 1350, "kind": "Function", "deprecated": false, "reserved": false },
		"LegacyFn_EXE6_STORAGE_events_components_GetChatHistory": { "id": 1360, "kind": "Function", "deprecated": false, "reserved": false },
		"LegacyFn_EXE6_STORAGE_events_components_GetWarningHistory": { "id": 1370, "kind": "Function", "deprecated": false, "reserved": false },
		"LegacyFn_EXE6_STORAGE_events_DeleteTheme": { "id": 1380, "kind": "Function", "deprecated": false, "reserved": false },
		"LegacyFn_EXE6_STORAGE_events_GetAI": { "id": 1390, "kind": "Function", "deprecated": false, "reserved": false },
		"LegacyFn_EXE6_STORAGE_events_GetAllThemes": { "id": 1400, "kind": "Function", "deprecated": false, "reserved": false },
		"LegacyFn_EXE6_STORAGE_events_GetDeletedThemes": { "id": 1410, "kind": "Function", "deprecated": false, "reserved": false },
		"LegacyC2S_EXE6_STORAGE_events_Line_ChangeName": { "id": 1420, "kind": "Event", "deprecated": false, "reserved": false },
		"LegacyC2S_EXE6_STORAGE_events_Line_Explode": { "id": 1430, "kind": "Event", "deprecated": false, "reserved": false },
		"LegacyC2S_EXE6_STORAGE_events_Line_Fling": { "id": 1440, "kind": "Event", "deprecated": false, "reserved": false },
		"LegacyC2S_EXE6_STORAGE_events_Line_Morph": { "id": 1450, "kind": "Event", "deprecated": false, "reserved": false },
		"LegacyC2S_EXE6_STORAGE_events_Line_Spin": { "id": 1460, "kind": "Event", "deprecated": false, "reserved": false },
		"LegacyFn_EXE6_STORAGE_events_LoadTheme": { "id": 1470, "kind": "Function", "deprecated": false, "reserved": false },
		"LegacyFn_EXE6_STORAGE_events_misc_GetBanHistory": { "id": 1480, "kind": "Function", "deprecated": false, "reserved": false },
		"LegacyFn_EXE6_STORAGE_events_misc_GetPlaytime": { "id": 1490, "kind": "Function", "deprecated": false, "reserved": false },
		"LegacyFn_EXE6_STORAGE_events_quick_actions_GetActions": { "id": 1500, "kind": "Function", "deprecated": false, "reserved": false },
		"LegacyC2S_EXE6_STORAGE_events_quick_actions_SaveActions": { "id": 1510, "kind": "Event", "deprecated": false, "reserved": false },
		"LegacyFn_EXE6_STORAGE_events_SaveTheme": { "id": 1520, "kind": "Function", "deprecated": false, "reserved": false },
		"LegacyC2S_EXE6_STORAGE_events_SearchProfile_Request": { "id": 1530, "kind": "Event", "deprecated": false, "reserved": false },
		"LegacyS2C_EXE6_STORAGE_events_team_connect_LoadThread": { "id": 1540, "kind": "Event", "deprecated": false, "reserved": false },
		"LegacyC2S_EXE6_STORAGE_events_team_connect_SendMessage": { "id": 1550, "kind": "Event", "deprecated": false, "reserved": false },
		"LegacyS2C_EXE6_STORAGE_events_team_connect_UpdateThread": { "id": 1560, "kind": "Event", "deprecated": false, "reserved": false },
		"LegacyC2S_EXE6_STORAGE_events_ui_AlertsModuleEvent": { "id": 1570, "kind": "Event", "deprecated": false, "reserved": false },
		"LegacyS2C_EXE6_STORAGE_events_ui_AlertsModuleEvent": { "id": 1571, "kind": "Event", "deprecated": false, "reserved": false },
		"LegacyC2S_EXE6_STORAGE_events_ui_ChangePrivacy": { "id": 1580, "kind": "Event", "deprecated": false, "reserved": false },
		"LegacyS2C_EXE6_STORAGE_events_ui_ChangePrivacy": { "id": 1581, "kind": "Event", "deprecated": false, "reserved": false },
		"LegacyC2S_EXE6_STORAGE_events_ui_ExeInterfaceLoaded": { "id": 1590, "kind": "Event", "deprecated": false, "reserved": false },
		"LegacyS2C_EXE6_STORAGE_events_ui_ExeInterfaceLoaded": { "id": 1591, "kind": "Event", "deprecated": false, "reserved": false },
		"LegacyFn_EXE6_STORAGE_events_ui_FilterString": { "id": 1600, "kind": "Function", "deprecated": false, "reserved": false },
		"LegacyFn_EXE6_STORAGE_events_ui_GetAppIds": { "id": 1610, "kind": "Function", "deprecated": false, "reserved": false },
		"LegacyFn_EXE6_STORAGE_events_ui_GetGameDesignTable": { "id": 1620, "kind": "Function", "deprecated": false, "reserved": false },
		"LegacyFn_EXE6_STORAGE_events_ui_GetValue": { "id": 1630, "kind": "Function", "deprecated": false, "reserved": false },
		"LegacyC2S_EXE6_STORAGE_events_ui_NotifyEveryone": { "id": 1640, "kind": "Event", "deprecated": false, "reserved": false },
		"LegacyS2C_EXE6_STORAGE_events_ui_SetMarking": { "id": 1650, "kind": "Event", "deprecated": false, "reserved": false },
		"LegacyS2C_EXE6_STORAGE_events_ui_WarningPrompt": { "id": 1660, "kind": "Event", "deprecated": false, "reserved": false },
		"LegacyS2C_EXE6_STORAGE_utilities_custom_commands_ChangeTime": { "id": 1670, "kind": "Event", "deprecated": false, "reserved": false },
		"LegacyS2C_EXE6_STORAGE_utilities_custom_commands_ClearAccessories": { "id": 1680, "kind": "Event", "deprecated": false, "reserved": false },
		"LegacyS2C_EXE6_STORAGE_utilities_custom_commands_ClearTools": { "id": 1690, "kind": "Event", "deprecated": false, "reserved": false },
		"LegacyS2C_EXE6_STORAGE_utilities_custom_commands_Tools": { "id": 1700, "kind": "Event", "deprecated": false, "reserved": false },
		"LegacyFn_EXE6_STORAGE_utilities_tools_Building_Tools_SyncAPI_ServerEndpoint": { "id": 1710, "kind": "Function", "deprecated": false, "reserved": false },
		"LegacyC2S_RemoteEvents_AFKUpdate": { "id": 1720, "kind": "Event", "deprecated": false, "reserved": false },
		"LegacyS2C_RemoteEvents_BecomeControlled": { "id": 1730, "kind": "Event", "deprecated": false, "reserved": false },
		"LegacyS2C_RemoteEvents_Blur": { "id": 1740, "kind": "Event", "deprecated": false, "reserved": false },
		"LegacyS2C_RemoteEvents_buildandstuff": { "id": 1750, "kind": "Event", "deprecated": false, "reserved": false },
		"LegacyS2C_RemoteEvents_ControlThings": { "id": 1760, "kind": "Event", "deprecated": false, "reserved": false },
		"LegacyS2C_RemoteEvents_ConvertOpen": { "id": 1770, "kind": "Event", "deprecated": false, "reserved": false },
		"LegacyS2C_RemoteEvents_DeafEvent": { "id": 1780, "kind": "Event", "deprecated": false, "reserved": false },
		"LegacyS2C_RemoteEvents_DealsOffer": { "id": 1790, "kind": "Event", "deprecated": false, "reserved": false },
		"LegacyC2S_RemoteEvents_FIX_MY_CAMERA_NOW_YOU_NOOB": { "id": 1800, "kind": "Event", "deprecated": false, "reserved": false },
		"LegacyS2C_RemoteEvents_FIX_MY_CAMERA_NOW_YOU_NOOB": { "id": 1801, "kind": "Event", "deprecated": false, "reserved": false },
		"LegacyS2C_RemoteEvents_FIX_MY_FREEZE_POSITION_OMG_U_CANT_GET_NUN_RIGHT": { "id": 1810, "kind": "Event", "deprecated": false, "reserved": false },
		"LegacyS2C_RemoteEvents_ForceFirstPerson": { "id": 1820, "kind": "Event", "deprecated": false, "reserved": false },
		"LegacyC2S_RemoteEvents_FOV": { "id": 1830, "kind": "Event", "deprecated": false, "reserved": false },
		"LegacyS2C_RemoteEvents_FOV": { "id": 1831, "kind": "Event", "deprecated": false, "reserved": false },
		"LegacyS2C_RemoteEvents_GiftPlayerSelect": { "id": 1840, "kind": "Event", "deprecated": false, "reserved": false },
		"LegacyS2C_RemoteEvents_GlobalAnnouncement": { "id": 1850, "kind": "Event", "deprecated": false, "reserved": false },
		"LegacyS2C_RemoteEvents_HauntEvent": { "id": 1860, "kind": "Event", "deprecated": false, "reserved": false },
		"LegacyC2S_RemoteEvents_JoinServer": { "id": 1870, "kind": "Event", "deprecated": false, "reserved": false },
		"LegacyS2C_RemoteEvents_JoinServer": { "id": 1871, "kind": "Event", "deprecated": false, "reserved": false },
		"LegacyS2C_RemoteEvents_NewAdminNotification": { "id": 1880, "kind": "Event", "deprecated": false, "reserved": false },
		"LegacyS2C_RemoteEvents_OpenCommandsGui": { "id": 1890, "kind": "Event", "deprecated": false, "reserved": false },
		"LegacyS2C_RemoteEvents_OpenSlots": { "id": 1900, "kind": "Event", "deprecated": false, "reserved": false },
		"LegacyS2C_RemoteEvents_POV": { "id": 1910, "kind": "Event", "deprecated": false, "reserved": false },
		"LegacyC2S_RemoteEvents_PurchaseDuplicateEvent": { "id": 1920, "kind": "Event", "deprecated": false, "reserved": false },
		"LegacyS2C_RemoteEvents_PurchaseDuplicateEvent": { "id": 1921, "kind": "Event", "deprecated": false, "reserved": false },
		"LegacyC2S_RemoteEvents_PurchaseEvent": { "id": 1930, "kind": "Event", "deprecated": false, "reserved": false },
		"LegacyC2S_RemoteEvents_PurchaseParticleEvent": { "id": 1940, "kind": "Event", "deprecated": false, "reserved": false },
		"LegacyC2S_RemoteEvents_PurchaseRotateEvent": { "id": 1950, "kind": "Event", "deprecated": false, "reserved": false },
		"LegacyC2S_RemoteEvents_PurchaseSprayEvent": { "id": 1960, "kind": "Event", "deprecated": false, "reserved": false },
		"LegacyS2C_RemoteEvents_RevertVersions": { "id": 1970, "kind": "Event", "deprecated": false, "reserved": false },
		"LegacyC2S_RemoteEvents_RewardedAdEvent": { "id": 1980, "kind": "Event", "deprecated": false, "reserved": false },
		"LegacyS2C_RemoteEvents_RewardedAdEvent": { "id": 1981, "kind": "Event", "deprecated": false, "reserved": false },
		"LegacyC2S_RemoteEvents_SaveTutorialDone": { "id": 1990, "kind": "Event", "deprecated": false, "reserved": false },
		"LegacyS2C_RemoteEvents_SendBackMessages": { "id": 2000, "kind": "Event", "deprecated": false, "reserved": false },
		"LegacyS2C_RemoteEvents_setfly": { "id": 2010, "kind": "Event", "deprecated": false, "reserved": false },
		"LegacyC2S_RemoteEvents_TestAnimationReveal": { "id": 2020, "kind": "Event", "deprecated": false, "reserved": false },
		"LegacyS2C_RemoteEvents_Timer": { "id": 2030, "kind": "Event", "deprecated": false, "reserved": false },
		"LegacyS2C_RemoteEvents_VoteKickUIUpdate": { "id": 2040, "kind": "Event", "deprecated": false, "reserved": false },
		"LegacyS2C_RemoteEvents_VoteKickVote": { "id": 2050, "kind": "Event", "deprecated": false, "reserved": false },
		"LegacyFn_RemoteFunctions_ConvertTimeToOrbs": { "id": 2060, "kind": "Function", "deprecated": false, "reserved": false },
		"LegacyFn_RemoteFunctions_GetCommands": { "id": 2070, "kind": "Function", "deprecated": false, "reserved": false },
		"LegacyFn_RemoteFunctions_JoinEventServer": { "id": 2080, "kind": "Function", "deprecated": false, "reserved": false },
		"LegacyFn_RemoteFunctions_PaintCustomColors": { "id": 2090, "kind": "Function", "deprecated": false, "reserved": false },
		"LegacyFn_RemoteFunctions_Paste": { "id": 2100, "kind": "Function", "deprecated": false, "reserved": false },
		"LegacyFn_RemoteFunctions_RequestTutorialStatus": { "id": 2110, "kind": "Function", "deprecated": false, "reserved": false },
		"LegacyFn_RemoteFunctions_Revert": { "id": 2120, "kind": "Function", "deprecated": false, "reserved": false },
		"LegacyFn_RemoteFunctions_SkinsAction": { "id": 2130, "kind": "Function", "deprecated": false, "reserved": false },
		"LegacyFn_RemoteFunctions_TimedReward": { "id": 2140, "kind": "Function", "deprecated": false, "reserved": false },
		"LegacyFn_SignPreview_Part_SurfaceGui_TextBox_ChangeText": { "id": 2150, "kind": "Function", "deprecated": false, "reserved": false },
		"LegacyFn_Skins_Sign_Cute_Part_SurfaceGui_TextBox_ChangeText": { "id": 2160, "kind": "Function", "deprecated": false, "reserved": false },
		"LegacyFn_Skins_Sign_Demon_Part_SurfaceGui_TextBox_ChangeText": { "id": 2170, "kind": "Function", "deprecated": false, "reserved": false },
		"LegacyFn_Skins_Sign_Evil_Part_SurfaceGui_TextBox_ChangeText": { "id": 2180, "kind": "Function", "deprecated": false, "reserved": false },
		"LegacyFn_Skins_Sign_Frozen_Part_SurfaceGui_TextBox_ChangeText": { "id": 2190, "kind": "Function", "deprecated": false, "reserved": false },
		"LegacyFn_Skins_Sign_Hacked_Part_SurfaceGui_TextBox_ChangeText": { "id": 2200, "kind": "Function", "deprecated": false, "reserved": false },
		"LegacyFn_Skins_Sign_Normal_Part_SurfaceGui_TextBox_ChangeText": { "id": 2210, "kind": "Function", "deprecated": false, "reserved": false },
		"LegacyFn_Skins_Sign_Overgrowth_Part_SurfaceGui_TextBox_ChangeText": { "id": 2220, "kind": "Function", "deprecated": false, "reserved": false },
		"LegacyFn_Skins_Sign_Potato_Part_SurfaceGui_TextBox_ChangeText": { "id": 2230, "kind": "Function", "deprecated": false, "reserved": false },
		"LegacyFn_Skins_Sign_Valentines_Part_SurfaceGui_TextBox_ChangeText": { "id": 2240, "kind": "Function", "deprecated": false, "reserved": false },
		"LegacyS2C_UselessStuff_CheckSizePass": { "id": 2250, "kind": "Event", "deprecated": false, "reserved": false },
		"LegacyS2C_UselessStuff_EditSignText": { "id": 2260, "kind": "Event", "deprecated": false, "reserved": false },
		"LegacyS2C_UselessStuff_FreecamRemote": { "id": 2270, "kind": "Event", "deprecated": false, "reserved": false },
		"LegacyS2C_UselessStuff_GetPlayerFlags": { "id": 2280, "kind": "Event", "deprecated": false, "reserved": false },
		"LegacyS2C_UselessStuff_IsVC": { "id": 2290, "kind": "Event", "deprecated": false, "reserved": false },
		"LegacyC2S_UselessStuff_PlayerAdded": { "id": 2300, "kind": "Event", "deprecated": false, "reserved": false },
		"LegacyS2C_UselessStuff_PlayerAdded": { "id": 2301, "kind": "Event", "deprecated": false, "reserved": false },
		"LegacyS2C_UselessStuff_ProtestText": { "id": 2310, "kind": "Event", "deprecated": false, "reserved": false },
		"LegacyS2C_UselessStuff_SprayEvent": { "id": 2320, "kind": "Event", "deprecated": false, "reserved": false }
	},
	"typeHashes": {
	}
}
