{
	"protocol": 2,
	"schemaVersion": 1,
	"minimumSchemaVersion": 1,
	"schemaHash": "schema-1",
	"compatibility": "strict-v2-schema-hash",
	"options": {
		"securityProfile": "Production",
		"requirePolicies": true,
		"maxReliablePacketBytes": 65536,
		"maxUnreliablePacketBytes": 900
	},
	"wireIds": {
		"LegacyS2C_UselessStuff_GetPlayerFlags": { "id": 2280, "kind": "Event", "deprecated": false, "reserved": false },
		"LegacyS2C_UselessStuff_IsVC": { "id": 2290, "kind": "Event", "deprecated": false, "reserved": false },
		"LegacyC2S_UselessStuff_PlayerAdded": { "id": 2300, "kind": "Event", "deprecated": false, "reserved": false },
		"LegacyS2C_UselessStuff_PlayerAdded": { "id": 2301, "kind": "Event", "deprecated": false, "reserved": false },
		"LegacyS2C_UselessStuff_ProtestText": { "id": 2310, "kind": "Event", "deprecated": false, "reserved": false }
	},
	"typeHashes": {
	}
}
