{
	"protocol": 2,
	"schemaVersion": 1,
	"minimumSchemaVersion": 1,
	"schemaHash": "schema-1",
	"compatibility": "strict-v2-schema-hash",
	"options": {
		"securityProfile": "Production",
		"requirePolicies": true,
		"maxReliablePacketBytes": 65536,
		"maxUnreliablePacketBytes": 900
	},
	"wireIds": {
		"LegacyFn_EXE6_STORAGE_events_DeleteTheme": { "id": 1380, "kind": "Function", "deprecated": false, "reserved": false },
		"LegacyFn_EXE6_STORAGE_events_GetAllThemes": { "id": 1400, "kind": "Function", "deprecated": false, "reserved": false },
		"LegacyFn_EXE6_STORAGE_events_GetDeletedThemes": { "id": 1410, "kind": "Function", "deprecated": false, "reserved": false },
		"LegacyFn_EXE6_STORAGE_events_LoadTheme": { "id": 1470, "kind": "Function", "deprecated": false, "reserved": false },
		"LegacyFn_EXE6_STORAGE_events_SaveTheme": { "id": 1520, "kind": "Function", "deprecated": false, "reserved": false },
		"LegacyFn_EXE6_STORAGE_events_ui_GetGameDesignTable": { "id": 1620, "kind": "Function", "deprecated": false, "reserved": false },
		"LegacyS2C_EXE6_STORAGE_utilities_custom_commands_ClearTools": { "id": 1690, "kind": "Event", "deprecated": false, "reserved": false },
		"LegacyS2C_EXE6_STORAGE_utilities_custom_commands_Tools": { "id": 1700, "kind": "Event", "deprecated": false, "reserved": false },
		"LegacyFn_EXE6_STORAGE_utilities_tools_Building_Tools_SyncAPI_ServerEndpoint": { "id": 1710, "kind": "Function", "deprecated": false, "reserved": false },
		"LegacyS2C_RemoteEvents_buildandstuff": { "id": 1750, "kind": "Event", "deprecated": false, "reserved": false },
		"LegacyS2C_RemoteEvents_RevertVersions": { "id": 1970, "kind": "Event", "deprecated": false, "reserved": false },
		"LegacyFn_RemoteFunctions_Paste": { "id": 2100, "kind": "Function", "deprecated": false, "reserved": false }
	},
	"typeHashes": {
	}
}
